
Microsoft Visual Studio Solution File, Format Version 12.00
# Visual Studio 2013
VisualStudioVersion = 12.0.21005.1
MinimumVisualStudioVersion = 10.0.40219.1
Project("{FAE04EC0-301F-11D3-BF4B-00C04F79EFBC}") = "UrQustionnaire.Data", "UrQustionnaire.Data\UrQustionnaire.Data.csproj", "{028F64AA-375E-4C81-B80D-BF96F2195B08}"
EndProject
Project("{FAE04EC0-301F-11D3-BF4B-00C04F79EFBC}") = "UrQuestionnaire.Data.Tests", "UrQuestionnaire.Data.Tests\UrQuestionnaire.Data.Tests.csproj", "{86683002-0B94-468F-A83C-447540F71A6C}"
EndProject
Global
	GlobalSection(SolutionConfigurationPlatforms) = preSolution
		Debug|Any CPU = Debug|Any CPU
		Release|Any CPU = Release|Any CPU
	EndGlobalSection
	GlobalSection(ProjectConfigurationPlatforms) = postSolution
		{028F64AA-375E-4C81-B80D-BF96F2195B08}.Debug|Any CPU.ActiveCfg = Debug|Any CPU
		{028F64AA-375E-4C81-B80D-BF96F2195B08}.Debug|Any CPU.Build.0 = Debug|Any CPU
		{028F64AA-375E-4C81-B80D-BF96F2195B08}.Release|Any CPU.ActiveCfg = Release|Any CPU
		{028F64AA-375E-4C81-B80D-BF96F2195B08}.Release|Any CPU.Build.0 = Release|Any CPU
		{86683002-0B94-468F-A83C-447540F71A6C}.Debug|Any CPU.ActiveCfg = Debug|Any CPU
		{86683002-0B94-468F-A83C-447540F71A6C}.Debug|Any CPU.Build.0 = Debug|Any CPU
		{86683002-0B94-468F-A83C-447540F71A6C}.Release|Any CPU.ActiveCfg = Release|Any CPU
		{86683002-0B94-468F-A83C-447540F71A6C}.Release|Any CPU.Build.0 = Release|Any CPU
	EndGlobalSection
	GlobalSection(SolutionProperties) = preSolution
		HideSolutionNode = FALSE
	EndGlobalSection
EndGlobal
